
Microsoft Visual Studio Solution File, Format Version 12.00
# Visual Studio Version 17
VisualStudioVersion = 17.2.32616.157
MinimumVisualStudioVersion = 10.0.40219.1
Project("{2150E333-8FDC-42A3-9474-1A3956D46DE8}") = "Services", "Services", "{7589C87E-3827-4A0B-A953-F8AFC105918C}"
EndProject
Project("{2150E333-8FDC-42A3-9474-1A3956D46DE8}") = "Catalog", "Catalog", "{41331B85-47F5-408E-9330-036E932DB111}"
EndProject
Project("{9A19103F-16F7-4668-BE54-9A1E7A4F7556}") = "Catalog.API", "Services\Catalog\Catalog.API\Catalog.API.csproj", "{8FA5BBA8-3848-43F2-B30E-A257AF86C3FE}"
EndProject
Project("{E53339B2-1760-4266-BCC7-CA923CBCF16C}") = "docker-compose", "docker-compose.dcproj", "{D5CBA434-9A66-4B39-B4A0-F8FF83394340}"
EndProject
Project("{2150E333-8FDC-42A3-9474-1A3956D46DE8}") = "Basket", "Basket", "{90160170-3C02-4E2B-8820-E3FC2A2061AB}"
EndProject
Project("{9A19103F-16F7-4668-BE54-9A1E7A4F7556}") = "Basket.API", "Services\Basket\Basket.API\Basket.API.csproj", "{33AA8789-D138-4392-8D3F-A07D723EC1C6}"
EndProject
Project("{2150E333-8FDC-42A3-9474-1A3956D46DE8}") = "Discount", "Discount", "{03FB54F5-3C60-4F22-B7BA-B2778CDC2F7F}"
EndProject
Project("{9A19103F-16F7-4668-BE54-9A1E7A4F7556}") = "Discount.API", "Services\Discount\Discount.API\Discount.API.csproj", "{4EFEC44E-B45A-4409-B62B-021FF371E599}"
EndProject
Project("{9A19103F-16F7-4668-BE54-9A1E7A4F7556}") = "Discount.Grpc", "Services\Discount\Discount.Grpc\Discount.Grpc.csproj", "{21C5A508-9AE2-4727-B1BC-DA73B8A849A2}"
EndProject
Project("{2150E333-8FDC-42A3-9474-1A3956D46DE8}") = "Ordering", "Ordering", "{657AD03A-691F-4402-90A1-D424FE18976C}"
EndProject
Project("{9A19103F-16F7-4668-BE54-9A1E7A4F7556}") = "Ordering.API", "Services\Ordering\Ordering.API\Ordering.API.csproj", "{B8022313-C877-4D56-8897-823DF6AF0D33}"
EndProject
Project("{9A19103F-16F7-4668-BE54-9A1E7A4F7556}") = "Ordering.Domain", "Services\Ordering\Ordering.Domain\Ordering.Domain.csproj", "{62D5FABA-5A06-4A44-8D90-7D6C3EEFF6B5}"
EndProject
Project("{9A19103F-16F7-4668-BE54-9A1E7A4F7556}") = "Ordering.Application", "Services\Ordering\Ordering.Application\Ordering.Application.csproj", "{DBD026EC-E989-4DCE-A509-E52E7C96947B}"
EndProject
Project("{9A19103F-16F7-4668-BE54-9A1E7A4F7556}") = "Ordering.Infrastucture", "Services\Ordering\Ordering.Infrastucture\Ordering.Infrastucture.csproj", "{81EBDEC6-AAE2-4EF1-923A-5C25FBBE4C65}"
EndProject
Project("{2150E333-8FDC-42A3-9474-1A3956D46DE8}") = "BuildingBlocks", "BuildingBlocks", "{F11666FA-54FE-4BB3-B7E6-FDC443A67162}"
EndProject
Project("{9A19103F-16F7-4668-BE54-9A1E7A4F7556}") = "EventBus.Messages", "BuildingBlocks\EventBus.Messages\EventBus.Messages.csproj", "{B5FBB3A4-EA6F-48A2-A7EB-461FA8340104}"
EndProject
Project("{2150E333-8FDC-42A3-9474-1A3956D46DE8}") = "ApiGateway", "ApiGateway", "{D1A14C60-D963-4879-8CCA-BB6BA1EFC9D9}"
EndProject
Project("{9A19103F-16F7-4668-BE54-9A1E7A4F7556}") = "Ocelot.API", "ApiGateway\Ocelot.API\Ocelot.API.csproj", "{60B4D7B8-F1B8-4372-BCB5-F92EFB0B8D3F}"
EndProject
Project("{FAE04EC0-301F-11D3-BF4B-00C04F79EFBC}") = "Shopping.Aggregator", "ApiGateway\Shopping.Aggregator\Shopping.Aggregator.csproj", "{188694F3-61F4-4309-9A67-CE8CD6C90AA7}"
EndProject
Global
	GlobalSection(SolutionConfigurationPlatforms) = preSolution
		Debug|Any CPU = Debug|Any CPU
		Release|Any CPU = Release|Any CPU
	EndGlobalSection
	GlobalSection(ProjectConfigurationPlatforms) = postSolution
		{8FA5BBA8-3848-43F2-B30E-A257AF86C3FE}.Debug|Any CPU.ActiveCfg = Debug|Any CPU
		{8FA5BBA8-3848-43F2-B30E-A257AF86C3FE}.Debug|Any CPU.Build.0 = Debug|Any CPU
		{8FA5BBA8-3848-43F2-B30E-A257AF86C3FE}.Release|Any CPU.ActiveCfg = Release|Any CPU
		{8FA5BBA8-3848-43F2-B30E-A257AF86C3FE}.Release|Any CPU.Build.0 = Release|Any CPU
		{D5CBA434-9A66-4B39-B4A0-F8FF83394340}.Debug|Any CPU.ActiveCfg = Debug|Any CPU
		{D5CBA434-9A66-4B39-B4A0-F8FF83394340}.Debug|Any CPU.Build.0 = Debug|Any CPU
		{D5CBA434-9A66-4B39-B4A0-F8FF83394340}.Release|Any CPU.ActiveCfg = Release|Any CPU
		{D5CBA434-9A66-4B39-B4A0-F8FF83394340}.Release|Any CPU.Build.0 = Release|Any CPU
		{33AA8789-D138-4392-8D3F-A07D723EC1C6}.Debug|Any CPU.ActiveCfg = Debug|Any CPU
		{33AA8789-D138-4392-8D3F-A07D723EC1C6}.Debug|Any CPU.Build.0 = Debug|Any CPU
		{33AA8789-D138-4392-8D3F-A07D723EC1C6}.Release|Any CPU.ActiveCfg = Release|Any CPU
		{33AA8789-D138-4392-8D3F-A07D723EC1C6}.Release|Any CPU.Build.0 = Release|Any CPU
		{4EFEC44E-B45A-4409-B62B-021FF371E599}.Debug|Any CPU.ActiveCfg = Debug|Any CPU
		{4EFEC44E-B45A-4409-B62B-021FF371E599}.Debug|Any CPU.Build.0 = Debug|Any CPU
		{4EFEC44E-B45A-4409-B62B-021FF371E599}.Release|Any CPU.ActiveCfg = Release|Any CPU
		{4EFEC44E-B45A-4409-B62B-021FF371E599}.Release|Any CPU.Build.0 = Release|Any CPU
		{21C5A508-9AE2-4727-B1BC-DA73B8A849A2}.Debug|Any CPU.ActiveCfg = Debug|Any CPU
		{21C5A508-9AE2-4727-B1BC-DA73B8A849A2}.Debug|Any CPU.Build.0 = Debug|Any CPU
		{21C5A508-9AE2-4727-B1BC-DA73B8A849A2}.Release|Any CPU.ActiveCfg = Release|Any CPU
		{21C5A508-9AE2-4727-B1BC-DA73B8A849A2}.Release|Any CPU.Build.0 = Release|Any CPU
		{B8022313-C877-4D56-8897-823DF6AF0D33}.Debug|Any CPU.ActiveCfg = Debug|Any CPU
		{B8022313-C877-4D56-8897-823DF6AF0D33}.Debug|Any CPU.Build.0 = Debug|Any CPU
		{B8022313-C877-4D56-8897-823DF6AF0D33}.Release|Any CPU.ActiveCfg = Release|Any CPU
		{B8022313-C877-4D56-8897-823DF6AF0D33}.Release|Any CPU.Build.0 = Release|Any CPU
		{62D5FABA-5A06-4A44-8D90-7D6C3EEFF6B5}.Debug|Any CPU.ActiveCfg = Debug|Any CPU
		{62D5FABA-5A06-4A44-8D90-7D6C3EEFF6B5}.Debug|Any CPU.Build.0 = Debug|Any CPU
		{62D5FABA-5A06-4A44-8D90-7D6C3EEFF6B5}.Release|Any CPU.ActiveCfg = Release|Any CPU
		{62D5FABA-5A06-4A44-8D90-7D6C3EEFF6B5}.Release|Any CPU.Build.0 = Release|Any CPU
		{DBD026EC-E989-4DCE-A509-E52E7C96947B}.Debug|Any CPU.ActiveCfg = Debug|Any CPU
		{DBD026EC-E989-4DCE-A509-E52E7C96947B}.Debug|Any CPU.Build.0 = Debug|Any CPU
		{DBD026EC-E989-4DCE-A509-E52E7C96947B}.Release|Any CPU.ActiveCfg = Release|Any CPU
		{DBD026EC-E989-4DCE-A509-E52E7C96947B}.Release|Any CPU.Build.0 = Release|Any CPU
		{81EBDEC6-AAE2-4EF1-923A-5C25FBBE4C65}.Debug|Any CPU.ActiveCfg = Debug|Any CPU
		{81EBDEC6-AAE2-4EF1-923A-5C25FBBE4C65}.Debug|Any CPU.Build.0 = Debug|Any CPU
		{81EBDEC6-AAE2-4EF1-923A-5C25FBBE4C65}.Release|Any CPU.ActiveCfg = Release|Any CPU
		{81EBDEC6-AAE2-4EF1-923A-5C25FBBE4C65}.Release|Any CPU.Build.0 = Release|Any CPU
		{B5FBB3A4-EA6F-48A2-A7EB-461FA8340104}.Debug|Any CPU.ActiveCfg = Debug|Any CPU
		{B5FBB3A4-EA6F-48A2-A7EB-461FA8340104}.Debug|Any CPU.Build.0 = Debug|Any CPU
		{B5FBB3A4-EA6F-48A2-A7EB-461FA8340104}.Release|Any CPU.ActiveCfg = Release|Any CPU
		{B5FBB3A4-EA6F-48A2-A7EB-461FA8340104}.Release|Any CPU.Build.0 = Release|Any CPU
		{60B4D7B8-F1B8-4372-BCB5-F92EFB0B8D3F}.Debug|Any CPU.ActiveCfg = Debug|Any CPU
		{60B4D7B8-F1B8-4372-BCB5-F92EFB0B8D3F}.Debug|Any CPU.Build.0 = Debug|Any CPU
		{60B4D7B8-F1B8-4372-BCB5-F92EFB0B8D3F}.Release|Any CPU.ActiveCfg = Release|Any CPU
		{60B4D7B8-F1B8-4372-BCB5-F92EFB0B8D3F}.Release|Any CPU.Build.0 = Release|Any CPU
		{188694F3-61F4-4309-9A67-CE8CD6C90AA7}.Debug|Any CPU.ActiveCfg = Debug|Any CPU
		{188694F3-61F4-4309-9A67-CE8CD6C90AA7}.Debug|Any CPU.Build.0 = Debug|Any CPU
		{188694F3-61F4-4309-9A67-CE8CD6C90AA7}.Release|Any CPU.ActiveCfg = Release|Any CPU
		{188694F3-61F4-4309-9A67-CE8CD6C90AA7}.Release|Any CPU.Build.0 = Release|Any CPU
	EndGlobalSection
	GlobalSection(SolutionProperties) = preSolution
		HideSolutionNode = FALSE
	EndGlobalSection
	GlobalSection(NestedProjects) = preSolution
		{41331B85-47F5-408E-9330-036E932DB111} = {7589C87E-3827-4A0B-A953-F8AFC105918C}
		{8FA5BBA8-3848-43F2-B30E-A257AF86C3FE} = {41331B85-47F5-408E-9330-036E932DB111}
		{90160170-3C02-4E2B-8820-E3FC2A2061AB} = {7589C87E-3827-4A0B-A953-F8AFC105918C}
		{33AA8789-D138-4392-8D3F-A07D723EC1C6} = {90160170-3C02-4E2B-8820-E3FC2A2061AB}
		{03FB54F5-3C60-4F22-B7BA-B2778CDC2F7F} = {7589C87E-3827-4A0B-A953-F8AFC105918C}
		{4EFEC44E-B45A-4409-B62B-021FF371E599} = {03FB54F5-3C60-4F22-B7BA-B2778CDC2F7F}
		{21C5A508-9AE2-4727-B1BC-DA73B8A849A2} = {03FB54F5-3C60-4F22-B7BA-B2778CDC2F7F}
		{657AD03A-691F-4402-90A1-D424FE18976C} = {7589C87E-3827-4A0B-A953-F8AFC105918C}
		{B8022313-C877-4D56-8897-823DF6AF0D33} = {657AD03A-691F-4402-90A1-D424FE18976C}
		{62D5FABA-5A06-4A44-8D90-7D6C3EEFF6B5} = {657AD03A-691F-4402-90A1-D424FE18976C}
		{DBD026EC-E989-4DCE-A509-E52E7C96947B} = {657AD03A-691F-4402-90A1-D424FE18976C}
		{81EBDEC6-AAE2-4EF1-923A-5C25FBBE4C65} = {657AD03A-691F-4402-90A1-D424FE18976C}
		{B5FBB3A4-EA6F-48A2-A7EB-461FA8340104} = {F11666FA-54FE-4BB3-B7E6-FDC443A67162}
		{60B4D7B8-F1B8-4372-BCB5-F92EFB0B8D3F} = {D1A14C60-D963-4879-8CCA-BB6BA1EFC9D9}
		{188694F3-61F4-4309-9A67-CE8CD6C90AA7} = {D1A14C60-D963-4879-8CCA-BB6BA1EFC9D9}
	EndGlobalSection
	GlobalSection(ExtensibilityGlobals) = postSolution
		SolutionGuid = {0B1B5A25-74D8-45C1-9DDA-591512405853}
	EndGlobalSection
EndGlobal
